// !$*UTF8*$!
{
	archiveVersion = 1;
	classes = {
	};
	objectVersion = 50;
	objects = {

/* Begin PBXBuildFile section */
		22209F88F29BB53FCFEE4A3D /* Pods_FinalProjectToDoUITests.framework in Frameworks */ = {isa = PBXBuildFile; fileRef = 249A94A5507A89CB7D7FF2B4 /* Pods_FinalProjectToDoUITests.framework */; };
		578A94043401414E0669B668 /* Pods_FinalProjectToDoTests.framework in Frameworks */ = {isa = PBXBuildFile; fileRef = 675E59E3E2A7A4FBEC150972 /* Pods_FinalProjectToDoTests.framework */; };
		9E276D544FDF293B3305012C /* Pods_FinalProjectToDo.framework in Frameworks */ = {isa = PBXBuildFile; fileRef = CA6540CE1865F07CD271B80B /* Pods_FinalProjectToDo.framework */; };
		B166611F2128F23200526DFF /* AppDelegate.swift in Sources */ = {isa = PBXBuildFile; fileRef = B166611E2128F23200526DFF /* AppDelegate.swift */; };
		B16661212128F23200526DFF /* MasterVC.swift in Sources */ = {isa = PBXBuildFile; fileRef = B16661202128F23200526DFF /* MasterVC.swift */; };
		B16661242128F23200526DFF /* Main.storyboard in Resources */ = {isa = PBXBuildFile; fileRef = B16661222128F23200526DFF /* Main.storyboard */; };
		B16661272128F23200526DFF /* FinalProjectToDo.xcdatamodeld in Sources */ = {isa = PBXBuildFile; fileRef = B16661252128F23200526DFF /* FinalProjectToDo.xcdatamodeld */; };
		B16661292128F23300526DFF /* Assets.xcassets in Resources */ = {isa = PBXBuildFile; fileRef = B16661282128F23300526DFF /* Assets.xcassets */; };
		B166612C2128F23300526DFF /* LaunchScreen.storyboard in Resources */ = {isa = PBXBuildFile; fileRef = B166612A2128F23300526DFF /* LaunchScreen.storyboard */; };
		B16661372128F23300526DFF /* FinalProjectToDoTests.swift in Sources */ = {isa = PBXBuildFile; fileRef = B16661362128F23300526DFF /* FinalProjectToDoTests.swift */; };
		B16661422128F23300526DFF /* FinalProjectToDoUITests.swift in Sources */ = {isa = PBXBuildFile; fileRef = B16661412128F23300526DFF /* FinalProjectToDoUITests.swift */; };
		B16661502128F35000526DFF /* GoogleService-Info.plist in Resources */ = {isa = PBXBuildFile; fileRef = B166614F2128F34F00526DFF /* GoogleService-Info.plist */; };
		B16661532128F79A00526DFF /* Task+CoreDataClass.swift in Sources */ = {isa = PBXBuildFile; fileRef = B16661512128F79A00526DFF /* Task+CoreDataClass.swift */; };
		B16661542128F79A00526DFF /* Task+CoreDataProperties.swift in Sources */ = {isa = PBXBuildFile; fileRef = B16661522128F79A00526DFF /* Task+CoreDataProperties.swift */; };
		B16661562128F7C400526DFF /* CDManager.swift in Sources */ = {isa = PBXBuildFile; fileRef = B16661552128F7C400526DFF /* CDManager.swift */; };
		B1891B53212A510E00D238AD /* LoginVC.swift in Sources */ = {isa = PBXBuildFile; fileRef = B1891B52212A510E00D238AD /* LoginVC.swift */; };
		B1891B55212A511C00D238AD /* SignUpVC.swift in Sources */ = {isa = PBXBuildFile; fileRef = B1891B54212A511C00D238AD /* SignUpVC.swift */; };
		B1891B57212A55D500D238AD /* HomeVC.swift in Sources */ = {isa = PBXBuildFile; fileRef = B1891B56212A55D500D238AD /* HomeVC.swift */; };
		B1891B5A212A63B300D238AD /* UserManager.swift in Sources */ = {isa = PBXBuildFile; fileRef = B1891B59212A63B300D238AD /* UserManager.swift */; };
		B1891B5C212A693700D238AD /* PrimarySplitViewController.swift in Sources */ = {isa = PBXBuildFile; fileRef = B1891B5B212A693700D238AD /* PrimarySplitViewController.swift */; };
		B1891B5E212A701500D238AD /* DetailVC.swift in Sources */ = {isa = PBXBuildFile; fileRef = B1891B5D212A701500D238AD /* DetailVC.swift */; };
		B1891B60212A92DA00D238AD /* DateDueVC.swift in Sources */ = {isa = PBXBuildFile; fileRef = B1891B5F212A92DA00D238AD /* DateDueVC.swift */; };
		B1891B62212A985B00D238AD /* TaskCell.swift in Sources */ = {isa = PBXBuildFile; fileRef = B1891B61212A985B00D238AD /* TaskCell.swift */; };
		B1891B65212A9CB000D238AD /* TBUser+CoreDataClass.swift in Sources */ = {isa = PBXBuildFile; fileRef = B1891B63212A9CB000D238AD /* TBUser+CoreDataClass.swift */; };
		B1891B66212A9CB000D238AD /* TBUser+CoreDataProperties.swift in Sources */ = {isa = PBXBuildFile; fileRef = B1891B64212A9CB000D238AD /* TBUser+CoreDataProperties.swift */; };
		B1891BA4212C7D8600D238AD /* DateDueDelegate.swift in Sources */ = {isa = PBXBuildFile; fileRef = B1891BA3212C7D8600D238AD /* DateDueDelegate.swift */; };
/* End PBXBuildFile section */

/* Begin PBXContainerItemProxy section */
		B16661332128F23300526DFF /* PBXContainerItemProxy */ = {
			isa = PBXContainerItemProxy;
			containerPortal = B16661132128F23200526DFF /* Project object */;
			proxyType = 1;
			remoteGlobalIDString = B166611A2128F23200526DFF;
			remoteInfo = FinalProjectToDo;
		};
		B166613E2128F23300526DFF /* PBXContainerItemProxy */ = {
			isa = PBXContainerItemProxy;
			containerPortal = B16661132128F23200526DFF /* Project object */;
			proxyType = 1;
			remoteGlobalIDString = B166611A2128F23200526DFF;
			remoteInfo = FinalProjectToDo;
		};
/* End PBXContainerItemProxy section */

/* Begin PBXFileReference section */
		249A94A5507A89CB7D7FF2B4 /* Pods_FinalProjectToDoUITests.framework */ = {isa = PBXFileReference; explicitFileType = wrapper.framework; includeInIndex = 0; path = Pods_FinalProjectToDoUITests.framework; sourceTree = BUILT_PRODUCTS_DIR; };
		34415DC592095EE5E2A2EE77 /* Pods-FinalProjectToDoUITests.release.xcconfig */ = {isa = PBXFileReference; includeInIndex = 1; lastKnownFileType = text.xcconfig; name = "Pods-FinalProjectToDoUITests.release.xcconfig"; path = "Pods/Target Support Files/Pods-FinalProjectToDoUITests/Pods-FinalProjectToDoUITests.release.xcconfig"; sourceTree = "<group>"; };
		495A106417A8FE7A5DE8C7A5 /* Pods-FinalProjectToDo.debug.xcconfig */ = {isa = PBXFileReference; includeInIndex = 1; lastKnownFileType = text.xcconfig; name = "Pods-FinalProjectToDo.debug.xcconfig"; path = "Pods/Target Support Files/Pods-FinalProjectToDo/Pods-FinalProjectToDo.debug.xcconfig"; sourceTree = "<group>"; };
		51B10BD85C7028CA927BE5F1 /* Pods-FinalProjectToDoTests.release.xcconfig */ = {isa = PBXFileReference; includeInIndex = 1; lastKnownFileType = text.xcconfig; name = "Pods-FinalProjectToDoTests.release.xcconfig"; path = "Pods/Target Support Files/Pods-FinalProjectToDoTests/Pods-FinalProjectToDoTests.release.xcconfig"; sourceTree = "<group>"; };
		675E59E3E2A7A4FBEC150972 /* Pods_FinalProjectToDoTests.framework */ = {isa = PBXFileReference; explicitFileType = wrapper.framework; includeInIndex = 0; path = Pods_FinalProjectToDoTests.framework; sourceTree = BUILT_PRODUCTS_DIR; };
		944FB0E36F3C33F609E39809 /* Pods-FinalProjectToDoUITests.debug.xcconfig */ = {isa = PBXFileReference; includeInIndex = 1; lastKnownFileType = text.xcconfig; name = "Pods-FinalProjectToDoUITests.debug.xcconfig"; path = "Pods/Target Support Files/Pods-FinalProjectToDoUITests/Pods-FinalProjectToDoUITests.debug.xcconfig"; sourceTree = "<group>"; };
		B166611B2128F23200526DFF /* FinalProjectToDo.app */ = {isa = PBXFileReference; explicitFileType = wrapper.application; includeInIndex = 0; path = FinalProjectToDo.app; sourceTree = BUILT_PRODUCTS_DIR; };
		B166611E2128F23200526DFF /* AppDelegate.swift */ = {isa = PBXFileReference; lastKnownFileType = sourcecode.swift; path = AppDelegate.swift; sourceTree = "<group>"; };
		B16661202128F23200526DFF /* MasterVC.swift */ = {isa = PBXFileReference; lastKnownFileType = sourcecode.swift; path = MasterVC.swift; sourceTree = "<group>"; };
		B16661232128F23200526DFF /* Base */ = {isa = PBXFileReference; lastKnownFileType = file.storyboard; name = Base; path = Base.lproj/Main.storyboard; sourceTree = "<group>"; };
		B16661262128F23200526DFF /* FinalProjectToDo.xcdatamodel */ = {isa = PBXFileReference; lastKnownFileType = wrapper.xcdatamodel; path = FinalProjectToDo.xcdatamodel; sourceTree = "<group>"; };
		B16661282128F23300526DFF /* Assets.xcassets */ = {isa = PBXFileReference; lastKnownFileType = folder.assetcatalog; path = Assets.xcassets; sourceTree = "<group>"; };
		B166612B2128F23300526DFF /* Base */ = {isa = PBXFileReference; lastKnownFileType = file.storyboard; name = Base; path = Base.lproj/LaunchScreen.storyboard; sourceTree = "<group>"; };
		B166612D2128F23300526DFF /* Info.plist */ = {isa = PBXFileReference; lastKnownFileType = text.plist.xml; path = Info.plist; sourceTree = "<group>"; };
		B16661322128F23300526DFF /* FinalProjectToDoTests.xctest */ = {isa = PBXFileReference; explicitFileType = wrapper.cfbundle; includeInIndex = 0; path = FinalProjectToDoTests.xctest; sourceTree = BUILT_PRODUCTS_DIR; };
		B16661362128F23300526DFF /* FinalProjectToDoTests.swift */ = {isa = PBXFileReference; lastKnownFileType = sourcecode.swift; path = FinalProjectToDoTests.swift; sourceTree = "<group>"; };
		B16661382128F23300526DFF /* Info.plist */ = {isa = PBXFileReference; lastKnownFileType = text.plist.xml; path = Info.plist; sourceTree = "<group>"; };
		B166613D2128F23300526DFF /* FinalProjectToDoUITests.xctest */ = {isa = PBXFileReference; explicitFileType = wrapper.cfbundle; includeInIndex = 0; path = FinalProjectToDoUITests.xctest; sourceTree = BUILT_PRODUCTS_DIR; };
		B16661412128F23300526DFF /* FinalProjectToDoUITests.swift */ = {isa = PBXFileReference; lastKnownFileType = sourcecode.swift; path = FinalProjectToDoUITests.swift; sourceTree = "<group>"; };
		B16661432128F23300526DFF /* Info.plist */ = {isa = PBXFileReference; lastKnownFileType = text.plist.xml; path = Info.plist; sourceTree = "<group>"; };
		B166614F2128F34F00526DFF /* GoogleService-Info.plist */ = {isa = PBXFileReference; fileEncoding = 4; lastKnownFileType = text.plist.xml; path = "GoogleService-Info.plist"; sourceTree = SOURCE_ROOT; };
		B16661512128F79A00526DFF /* Task+CoreDataClass.swift */ = {isa = PBXFileReference; lastKnownFileType = sourcecode.swift; path = "Task+CoreDataClass.swift"; sourceTree = "<group>"; };
		B16661522128F79A00526DFF /* Task+CoreDataProperties.swift */ = {isa = PBXFileReference; lastKnownFileType = sourcecode.swift; path = "Task+CoreDataProperties.swift"; sourceTree = "<group>"; };
		B16661552128F7C400526DFF /* CDManager.swift */ = {isa = PBXFileReference; lastKnownFileType = sourcecode.swift; path = CDManager.swift; sourceTree = "<group>"; };
		B1891B52212A510E00D238AD /* LoginVC.swift */ = {isa = PBXFileReference; lastKnownFileType = sourcecode.swift; path = LoginVC.swift; sourceTree = "<group>"; };
		B1891B54212A511C00D238AD /* SignUpVC.swift */ = {isa = PBXFileReference; lastKnownFileType = sourcecode.swift; path = SignUpVC.swift; sourceTree = "<group>"; };
		B1891B56212A55D500D238AD /* HomeVC.swift */ = {isa = PBXFileReference; lastKnownFileType = sourcecode.swift; path = HomeVC.swift; sourceTree = "<group>"; };
		B1891B59212A63B300D238AD /* UserManager.swift */ = {isa = PBXFileReference; lastKnownFileType = sourcecode.swift; path = UserManager.swift; sourceTree = "<group>"; };
		B1891B5B212A693700D238AD /* PrimarySplitViewController.swift */ = {isa = PBXFileReference; lastKnownFileType = sourcecode.swift; path = PrimarySplitViewController.swift; sourceTree = "<group>"; };
		B1891B5D212A701500D238AD /* DetailVC.swift */ = {isa = PBXFileReference; lastKnownFileType = sourcecode.swift; path = DetailVC.swift; sourceTree = "<group>"; };
		B1891B5F212A92DA00D238AD /* DateDueVC.swift */ = {isa = PBXFileReference; lastKnownFileType = sourcecode.swift; path = DateDueVC.swift; sourceTree = "<group>"; };
		B1891B61212A985B00D238AD /* TaskCell.swift */ = {isa = PBXFileReference; lastKnownFileType = sourcecode.swift; path = TaskCell.swift; sourceTree = "<group>"; };
		B1891B63212A9CB000D238AD /* TBUser+CoreDataClass.swift */ = {isa = PBXFileReference; lastKnownFileType = sourcecode.swift; path = "TBUser+CoreDataClass.swift"; sourceTree = "<group>"; };
		B1891B64212A9CB000D238AD /* TBUser+CoreDataProperties.swift */ = {isa = PBXFileReference; lastKnownFileType = sourcecode.swift; path = "TBUser+CoreDataProperties.swift"; sourceTree = "<group>"; };
		B1891BA3212C7D8600D238AD /* DateDueDelegate.swift */ = {isa = PBXFileReference; lastKnownFileType = sourcecode.swift; path = DateDueDelegate.swift; sourceTree = "<group>"; };
		BB85B516142C9ED6D2FCD11B /* Pods-FinalProjectToDo.release.xcconfig */ = {isa = PBXFileReference; includeInIndex = 1; lastKnownFileType = text.xcconfig; name = "Pods-FinalProjectToDo.release.xcconfig"; path = "Pods/Target Support Files/Pods-FinalProjectToDo/Pods-FinalProjectToDo.release.xcconfig"; sourceTree = "<group>"; };
		CA6540CE1865F07CD271B80B /* Pods_FinalProjectToDo.framework */ = {isa = PBXFileReference; explicitFileType = wrapper.framework; includeInIndex = 0; path = Pods_FinalProjectToDo.framework; sourceTree = BUILT_PRODUCTS_DIR; };
		EA0A040AEAAF0D5FFA6FFD91 /* Pods-FinalProjectToDoTests.debug.xcconfig */ = {isa = PBXFileReference; includeInIndex = 1; lastKnownFileType = text.xcconfig; name = "Pods-FinalProjectToDoTests.debug.xcconfig"; path = "Pods/Target Support Files/Pods-FinalProjectToDoTests/Pods-FinalProjectToDoTests.debug.xcconfig"; sourceTree = "<group>"; };
/* End PBXFileReference section */

/* Begin PBXFrameworksBuildPhase section */
		B16661182128F23200526DFF /* Frameworks */ = {
			isa = PBXFrameworksBuildPhase;
			buildActionMask = 2147483647;
			files = (
				9E276D544FDF293B3305012C /* Pods_FinalProjectToDo.framework in Frameworks */,
			);
			runOnlyForDeploymentPostprocessing = 0;
		};
		B166612F2128F23300526DFF /* Frameworks */ = {
			isa = PBXFrameworksBuildPhase;
			buildActionMask = 2147483647;
			files = (
				578A94043401414E0669B668 /* Pods_FinalProjectToDoTests.framework in Frameworks */,
			);
			runOnlyForDeploymentPostprocessing = 0;
		};
		B166613A2128F23300526DFF /* Frameworks */ = {
			isa = PBXFrameworksBuildPhase;
			buildActionMask = 2147483647;
			files = (
				22209F88F29BB53FCFEE4A3D /* Pods_FinalProjectToDoUITests.framework in Frameworks */,
			);
			runOnlyForDeploymentPostprocessing = 0;
		};
/* End PBXFrameworksBuildPhase section */

/* Begin PBXGroup section */
		91710B468D2694215DEDE158 /* Frameworks */ = {
			isa = PBXGroup;
			children = (
				CA6540CE1865F07CD271B80B /* Pods_FinalProjectToDo.framework */,
				675E59E3E2A7A4FBEC150972 /* Pods_FinalProjectToDoTests.framework */,
				249A94A5507A89CB7D7FF2B4 /* Pods_FinalProjectToDoUITests.framework */,
			);
			name = Frameworks;
			sourceTree = "<group>";
		};
		B16661122128F23200526DFF = {
			isa = PBXGroup;
			children = (
				B166611D2128F23200526DFF /* FinalProjectToDo */,
				B16661352128F23300526DFF /* FinalProjectToDoTests */,
				B16661402128F23300526DFF /* FinalProjectToDoUITests */,
				B166611C2128F23200526DFF /* Products */,
				DB1FE56EBE54F38C1E87F646 /* Pods */,
				91710B468D2694215DEDE158 /* Frameworks */,
			);
			sourceTree = "<group>";
		};
		B166611C2128F23200526DFF /* Products */ = {
			isa = PBXGroup;
			children = (
				B166611B2128F23200526DFF /* FinalProjectToDo.app */,
				B16661322128F23300526DFF /* FinalProjectToDoTests.xctest */,
				B166613D2128F23300526DFF /* FinalProjectToDoUITests.xctest */,
			);
			name = Products;
			sourceTree = "<group>";
		};
		B166611D2128F23200526DFF /* FinalProjectToDo */ = {
			isa = PBXGroup;
			children = (
				B1891B58212A639900D238AD /* Services */,
				B1891B51212A50D200D238AD /* Model */,
				B1891B50212A50CF00D238AD /* View */,
				B1891B4F212A50CC00D238AD /* Controller */,
				B166611E2128F23200526DFF /* AppDelegate.swift */,
				B166612D2128F23300526DFF /* Info.plist */,
				B166614F2128F34F00526DFF /* GoogleService-Info.plist */,
			);
			path = FinalProjectToDo;
			sourceTree = "<group>";
		};
		B16661352128F23300526DFF /* FinalProjectToDoTests */ = {
			isa = PBXGroup;
			children = (
				B16661362128F23300526DFF /* FinalProjectToDoTests.swift */,
				B16661382128F23300526DFF /* Info.plist */,
			);
			path = FinalProjectToDoTests;
			sourceTree = "<group>";
		};
		B16661402128F23300526DFF /* FinalProjectToDoUITests */ = {
			isa = PBXGroup;
			children = (
				B16661412128F23300526DFF /* FinalProjectToDoUITests.swift */,
				B16661432128F23300526DFF /* Info.plist */,
			);
			path = FinalProjectToDoUITests;
			sourceTree = "<group>";
		};
		B1891B4F212A50CC00D238AD /* Controller */ = {
			isa = PBXGroup;
			children = (
				B1891B56212A55D500D238AD /* HomeVC.swift */,
				B1891B52212A510E00D238AD /* LoginVC.swift */,
				B1891B54212A511C00D238AD /* SignUpVC.swift */,
				B16661202128F23200526DFF /* MasterVC.swift */,
				B1891B5D212A701500D238AD /* DetailVC.swift */,
				B1891B5B212A693700D238AD /* PrimarySplitViewController.swift */,
				B1891B5F212A92DA00D238AD /* DateDueVC.swift */,
				B1891BA3212C7D8600D238AD /* DateDueDelegate.swift */,
			);
			path = Controller;
			sourceTree = "<group>";
		};
		B1891B50212A50CF00D238AD /* View */ = {
			isa = PBXGroup;
			children = (
				B16661282128F23300526DFF /* Assets.xcassets */,
				B16661222128F23200526DFF /* Main.storyboard */,
				B166612A2128F23300526DFF /* LaunchScreen.storyboard */,
				B1891B61212A985B00D238AD /* TaskCell.swift */,
			);
			path = View;
			sourceTree = "<group>";
		};
		B1891B51212A50D200D238AD /* Model */ = {
			isa = PBXGroup;
			children = (
				B1891B63212A9CB000D238AD /* TBUser+CoreDataClass.swift */,
				B1891B64212A9CB000D238AD /* TBUser+CoreDataProperties.swift */,
				B16661252128F23200526DFF /* FinalProjectToDo.xcdatamodeld */,
				B16661522128F79A00526DFF /* Task+CoreDataProperties.swift */,
				B16661512128F79A00526DFF /* Task+CoreDataClass.swift */,
			);
			path = Model;
			sourceTree = "<group>";
		};
		B1891B58212A639900D238AD /* Services */ = {
			isa = PBXGroup;
			children = (
				B16661552128F7C400526DFF /* CDManager.swift */,
				B1891B59212A63B300D238AD /* UserManager.swift */,
			);
			path = Services;
			sourceTree = "<group>";
		};
		DB1FE56EBE54F38C1E87F646 /* Pods */ = {
			isa = PBXGroup;
			children = (
				495A106417A8FE7A5DE8C7A5 /* Pods-FinalProjectToDo.debug.xcconfig */,
				BB85B516142C9ED6D2FCD11B /* Pods-FinalProjectToDo.release.xcconfig */,
				EA0A040AEAAF0D5FFA6FFD91 /* Pods-FinalProjectToDoTests.debug.xcconfig */,
				51B10BD85C7028CA927BE5F1 /* Pods-FinalProjectToDoTests.release.xcconfig */,
				944FB0E36F3C33F609E39809 /* Pods-FinalProjectToDoUITests.debug.xcconfig */,
				34415DC592095EE5E2A2EE77 /* Pods-FinalProjectToDoUITests.release.xcconfig */,
			);
			name = Pods;
			sourceTree = "<group>";
		};
/* End PBXGroup section */

/* Begin PBXNativeTarget section */
		B166611A2128F23200526DFF /* FinalProjectToDo */ = {
			isa = PBXNativeTarget;
			buildConfigurationList = B16661462128F23300526DFF /* Build configuration list for PBXNativeTarget "FinalProjectToDo" */;
			buildPhases = (
				68819111DF6A8CEA02F57119 /* [CP] Check Pods Manifest.lock */,
				B16661172128F23200526DFF /* Sources */,
				B16661182128F23200526DFF /* Frameworks */,
				B16661192128F23200526DFF /* Resources */,
				12E8DF8E4F31AD8B5C9FCED8 /* [CP] Embed Pods Frameworks */,
			);
			buildRules = (
			);
			dependencies = (
			);
			name = FinalProjectToDo;
			productName = FinalProjectToDo;
			productReference = B166611B2128F23200526DFF /* FinalProjectToDo.app */;
			productType = "com.apple.product-type.application";
		};
		B16661312128F23300526DFF /* FinalProjectToDoTests */ = {
			isa = PBXNativeTarget;
			buildConfigurationList = B16661492128F23300526DFF /* Build configuration list for PBXNativeTarget "FinalProjectToDoTests" */;
			buildPhases = (
				6392151174BED1B661FA906A /* [CP] Check Pods Manifest.lock */,
				B166612E2128F23300526DFF /* Sources */,
				B166612F2128F23300526DFF /* Frameworks */,
				B16661302128F23300526DFF /* Resources */,
			);
			buildRules = (
			);
			dependencies = (
				B16661342128F23300526DFF /* PBXTargetDependency */,
			);
			name = FinalProjectToDoTests;
			productName = FinalProjectToDoTests;
			productReference = B16661322128F23300526DFF /* FinalProjectToDoTests.xctest */;
			productType = "com.apple.product-type.bundle.unit-test";
		};
		B166613C2128F23300526DFF /* FinalProjectToDoUITests */ = {
			isa = PBXNativeTarget;
			buildConfigurationList = B166614C2128F23300526DFF /* Build configuration list for PBXNativeTarget "FinalProjectToDoUITests" */;
			buildPhases = (
				00CE21C4001A99B571BDEA23 /* [CP] Check Pods Manifest.lock */,
				B16661392128F23300526DFF /* Sources */,
				B166613A2128F23300526DFF /* Frameworks */,
				B166613B2128F23300526DFF /* Resources */,
			);
			buildRules = (
			);
			dependencies = (
				B166613F2128F23300526DFF /* PBXTargetDependency */,
			);
			name = FinalProjectToDoUITests;
			productName = FinalProjectToDoUITests;
			productReference = B166613D2128F23300526DFF /* FinalProjectToDoUITests.xctest */;
			productType = "com.apple.product-type.bundle.ui-testing";
		};
/* End PBXNativeTarget section */

/* Begin PBXProject section */
		B16661132128F23200526DFF /* Project object */ = {
			isa = PBXProject;
			attributes = {
				LastSwiftUpdateCheck = 0940;
				LastUpgradeCheck = 0940;
				ORGANIZATIONNAME = "Jonathan Compton";
				TargetAttributes = {
					B166611A2128F23200526DFF = {
						CreatedOnToolsVersion = 9.4.1;
					};
					B16661312128F23300526DFF = {
						CreatedOnToolsVersion = 9.4.1;
						TestTargetID = B166611A2128F23200526DFF;
					};
					B166613C2128F23300526DFF = {
						CreatedOnToolsVersion = 9.4.1;
						TestTargetID = B166611A2128F23200526DFF;
					};
				};
			};
			buildConfigurationList = B16661162128F23200526DFF /* Build configuration list for PBXProject "FinalProjectToDo" */;
			compatibilityVersion = "Xcode 9.3";
			developmentRegion = en;
			hasScannedForEncodings = 0;
			knownRegions = (
				en,
				Base,
			);
			mainGroup = B16661122128F23200526DFF;
			productRefGroup = B166611C2128F23200526DFF /* Products */;
			projectDirPath = "";
			projectRoot = "";
			targets = (
				B166611A2128F23200526DFF /* FinalProjectToDo */,
				B16661312128F23300526DFF /* FinalProjectToDoTests */,
				B166613C2128F23300526DFF /* FinalProjectToDoUITests */,
			);
		};
/* End PBXProject section */

/* Begin PBXResourcesBuildPhase section */
		B16661192128F23200526DFF /* Resources */ = {
			isa = PBXResourcesBuildPhase;
			buildActionMask = 2147483647;
			files = (
				B166612C2128F23300526DFF /* LaunchScreen.storyboard in Resources */,
				B16661502128F35000526DFF /* GoogleService-Info.plist in Resources */,
				B16661292128F23300526DFF /* Assets.xcassets in Resources */,
				B16661242128F23200526DFF /* Main.storyboard in Resources */,
			);
			runOnlyForDeploymentPostprocessing = 0;
		};
		B16661302128F23300526DFF /* Resources */ = {
			isa = PBXResourcesBuildPhase;
			buildActionMask = 2147483647;
			files = (
			);
			runOnlyForDeploymentPostprocessing = 0;
		};
		B166613B2128F23300526DFF /* Resources */ = {
			isa = PBXResourcesBuildPhase;
			buildActionMask = 2147483647;
			files = (
			);
			runOnlyForDeploymentPostprocessing = 0;
		};
/* End PBXResourcesBuildPhase section */

/* Begin PBXShellScriptBuildPhase section */
		00CE21C4001A99B571BDEA23 /* [CP] Check Pods Manifest.lock */ = {
			isa = PBXShellScriptBuildPhase;
			buildActionMask = 2147483647;
			files = (
			);
			inputPaths = (
				"${PODS_PODFILE_DIR_PATH}/Podfile.lock",
				"${PODS_ROOT}/Manifest.lock",
			);
			name = "[CP] Check Pods Manifest.lock";
			outputPaths = (
				"$(DERIVED_FILE_DIR)/Pods-FinalProjectToDoUITests-checkManifestLockResult.txt",
			);
			runOnlyForDeploymentPostprocessing = 0;
			shellPath = /bin/sh;
			shellScript = "diff \"${PODS_PODFILE_DIR_PATH}/Podfile.lock\" \"${PODS_ROOT}/Manifest.lock\" > /dev/null\nif [ $? != 0 ] ; then\n    # print error to STDERR\n    echo \"error: The sandbox is not in sync with the Podfile.lock. Run 'pod install' or update your CocoaPods installation.\" >&2\n    exit 1\nfi\n# This output is used by Xcode 'outputs' to avoid re-running this script phase.\necho \"SUCCESS\" > \"${SCRIPT_OUTPUT_FILE_0}\"\n";
			showEnvVarsInLog = 0;
		};
		12E8DF8E4F31AD8B5C9FCED8 /* [CP] Embed Pods Frameworks */ = {
			isa = PBXShellScriptBuildPhase;
			buildActionMask = 2147483647;
			files = (
			);
			inputPaths = (
				"${SRCROOT}/Pods/Target Support Files/Pods-FinalProjectToDo/Pods-FinalProjectToDo-frameworks.sh",
				"${BUILT_PRODUCTS_DIR}/GTMSessionFetcher/GTMSessionFetcher.framework",
				"${BUILT_PRODUCTS_DIR}/GoogleUtilities/GoogleUtilities.framework",
				"${BUILT_PRODUCTS_DIR}/leveldb-library/leveldb.framework",
			);
			name = "[CP] Embed Pods Frameworks";
			outputPaths = (
				"${TARGET_BUILD_DIR}/${FRAMEWORKS_FOLDER_PATH}/GTMSessionFetcher.framework",
				"${TARGET_BUILD_DIR}/${FRAMEWORKS_FOLDER_PATH}/GoogleUtilities.framework",
				"${TARGET_BUILD_DIR}/${FRAMEWORKS_FOLDER_PATH}/leveldb.framework",
			);
			runOnlyForDeploymentPostprocessing = 0;
			shellPath = /bin/sh;
			shellScript = "\"${SRCROOT}/Pods/Target Support Files/Pods-FinalProjectToDo/Pods-FinalProjectToDo-frameworks.sh\"\n";
			showEnvVarsInLog = 0;
		};
		6392151174BED1B661FA906A /* [CP] Check Pods Manifest.lock */ = {
			isa = PBXShellScriptBuildPhase;
			buildActionMask = 2147483647;
			files = (
			);
			inputPaths = (
				"${PODS_PODFILE_DIR_PATH}/Podfile.lock",
				"${PODS_ROOT}/Manifest.lock",
			);
			name = "[CP] Check Pods Manifest.lock";
			outputPaths = (
				"$(DERIVED_FILE_DIR)/Pods-FinalProjectToDoTests-checkManifestLockResult.txt",
			);
			runOnlyForDeploymentPostprocessing = 0;
			shellPath = /bin/sh;
			shellScript = "diff \"${PODS_PODFILE_DIR_PATH}/Podfile.lock\" \"${PODS_ROOT}/Manifest.lock\" > /dev/null\nif [ $? != 0 ] ; then\n    # print error to STDERR\n    echo \"error: The sandbox is not in sync with the Podfile.lock. Run 'pod install' or update your CocoaPods installation.\" >&2\n    exit 1\nfi\n# This output is used by Xcode 'outputs' to avoid re-running this script phase.\necho \"SUCCESS\" > \"${SCRIPT_OUTPUT_FILE_0}\"\n";
			showEnvVarsInLog = 0;
		};
		68819111DF6A8CEA02F57119 /* [CP] Check Pods Manifest.lock */ = {
			isa = PBXShellScriptBuildPhase;
			buildActionMask = 2147483647;
			files = (
			);
			inputPaths = (
				"${PODS_PODFILE_DIR_PATH}/Podfile.lock",
				"${PODS_ROOT}/Manifest.lock",
			);
			name = "[CP] Check Pods Manifest.lock";
			outputPaths = (
				"$(DERIVED_FILE_DIR)/Pods-FinalProjectToDo-checkManifestLockResult.txt",
			);
			runOnlyForDeploymentPostprocessing = 0;
			shellPath = /bin/sh;
			shellScript = "diff \"${PODS_PODFILE_DIR_PATH}/Podfile.lock\" \"${PODS_ROOT}/Manifest.lock\" > /dev/null\nif [ $? != 0 ] ; then\n    # print error to STDERR\n    echo \"error: The sandbox is not in sync with the Podfile.lock. Run 'pod install' or update your CocoaPods installation.\" >&2\n    exit 1\nfi\n# This output is used by Xcode 'outputs' to avoid re-running this script phase.\necho \"SUCCESS\" > \"${SCRIPT_OUTPUT_FILE_0}\"\n";
			showEnvVarsInLog = 0;
		};
/* End PBXShellScriptBuildPhase section */

/* Begin PBXSourcesBuildPhase section */
		B16661172128F23200526DFF /* Sources */ = {
			isa = PBXSourcesBuildPhase;
			buildActionMask = 2147483647;
			files = (
				B1891B55212A511C00D238AD /* SignUpVC.swift in Sources */,
				B1891B60212A92DA00D238AD /* DateDueVC.swift in Sources */,
				B1891B5C212A693700D238AD /* PrimarySplitViewController.swift in Sources */,
				B16661212128F23200526DFF /* MasterVC.swift in Sources */,
				B16661272128F23200526DFF /* FinalProjectToDo.xcdatamodeld in Sources */,
				B1891B57212A55D500D238AD /* HomeVC.swift in Sources */,
				B1891B5E212A701500D238AD /* DetailVC.swift in Sources */,
				B1891B53212A510E00D238AD /* LoginVC.swift in Sources */,
				B1891B65212A9CB000D238AD /* TBUser+CoreDataClass.swift in Sources */,
				B1891B62212A985B00D238AD /* TaskCell.swift in Sources */,
				B1891B66212A9CB000D238AD /* TBUser+CoreDataProperties.swift in Sources */,
				B1891BA4212C7D8600D238AD /* DateDueDelegate.swift in Sources */,
				B16661532128F79A00526DFF /* Task+CoreDataClass.swift in Sources */,
				B16661542128F79A00526DFF /* Task+CoreDataProperties.swift in Sources */,
				B16661562128F7C400526DFF /* CDManager.swift in Sources */,
				B1891B5A212A63B300D238AD /* UserManager.swift in Sources */,
				B166611F2128F23200526DFF /* AppDelegate.swift in Sources */,
			);
			runOnlyForDeploymentPostprocessing = 0;
		};
		B166612E2128F23300526DFF /* Sources */ = {
			isa = PBXSourcesBuildPhase;
			buildActionMask = 2147483647;
			files = (
				B16661372128F23300526DFF /* FinalProjectToDoTests.swift in Sources */,
			);
			runOnlyForDeploymentPostprocessing = 0;
		};
		B16661392128F23300526DFF /* Sources */ = {
			isa = PBXSourcesBuildPhase;
			buildActionMask = 2147483647;
			files = (
				B16661422128F23300526DFF /* FinalProjectToDoUITests.swift in Sources */,
			);
			runOnlyForDeploymentPostprocessing = 0;
		};
/* End PBXSourcesBuildPhase section */

/* Begin PBXTargetDependency section */
		B16661342128F23300526DFF /* PBXTargetDependency */ = {
			isa = PBXTargetDependency;
			target = B166611A2128F23200526DFF /* FinalProjectToDo */;
			targetProxy = B16661332128F23300526DFF /* PBXContainerItemProxy */;
		};
		B166613F2128F23300526DFF /* PBXTargetDependency */ = {
			isa = PBXTargetDependency;
			target = B166611A2128F23200526DFF /* FinalProjectToDo */;
			targetProxy = B166613E2128F23300526DFF /* PBXContainerItemProxy */;
		};
/* End PBXTargetDependency section */

/* Begin PBXVariantGroup section */
		B16661222128F23200526DFF /* Main.storyboard */ = {
			isa = PBXVariantGroup;
			children = (
				B16661232128F23200526DFF /* Base */,
			);
			name = Main.storyboard;
			sourceTree = "<group>";
		};
		B166612A2128F23300526DFF /* LaunchScreen.storyboard */ = {
			isa = PBXVariantGroup;
			children = (
				B166612B2128F23300526DFF /* Base */,
			);
			name = LaunchScreen.storyboard;
			sourceTree = "<group>";
		};
/* End PBXVariantGroup section */

/* Begin XCBuildConfiguration section */
		B16661442128F23300526DFF /* Debug */ = {
			isa = XCBuildConfiguration;
			buildSettings = {
				ALWAYS_SEARCH_USER_PATHS = NO;
				CLANG_ANALYZER_NONNULL = YES;
				CLANG_ANALYZER_NUMBER_OBJECT_CONVERSION = YES_AGGRESSIVE;
				CLANG_CXX_LANGUAGE_STANDARD = "gnu++14";
				CLANG_CXX_LIBRARY = "libc++";
				CLANG_ENABLE_MODULES = YES;
				CLANG_ENABLE_OBJC_ARC = YES;
				CLANG_ENABLE_OBJC_WEAK = YES;
				CLANG_WARN_BLOCK_CAPTURE_AUTORELEASING = YES;
				CLANG_WARN_BOOL_CONVERSION = YES;
				CLANG_WARN_COMMA = YES;
				CLANG_WARN_CONSTANT_CONVERSION = YES;
				CLANG_WARN_DEPRECATED_OBJC_IMPLEMENTATIONS = YES;
				CLANG_WARN_DIRECT_OBJC_ISA_USAGE = YES_ERROR;
				CLANG_WARN_DOCUMENTATION_COMMENTS = YES;
				CLANG_WARN_EMPTY_BODY = YES;
				CLANG_WARN_ENUM_CONVERSION = YES;
				CLANG_WARN_INFINITE_RECURSION = YES;
				CLANG_WARN_INT_CONVERSION = YES;
				CLANG_WARN_NON_LITERAL_NULL_CONVERSION = YES;
				CLANG_WARN_OBJC_IMPLICIT_RETAIN_SELF = YES;
				CLANG_WARN_OBJC_LITERAL_CONVERSION = YES;
				CLANG_WARN_OBJC_ROOT_CLASS = YES_ERROR;
				CLANG_WARN_RANGE_LOOP_ANALYSIS = YES;
				CLANG_WARN_STRICT_PROTOTYPES = YES;
				CLANG_WARN_SUSPICIOUS_MOVE = YES;
				CLANG_WARN_UNGUARDED_AVAILABILITY = YES_AGGRESSIVE;
				CLANG_WARN_UNREACHABLE_CODE = YES;
				CLANG_WARN__DUPLICATE_METHOD_MATCH = YES;
				CODE_SIGN_IDENTITY = "iPhone Developer";
				COPY_PHASE_STRIP = NO;
				DEBUG_INFORMATION_FORMAT = dwarf;
				ENABLE_STRICT_OBJC_MSGSEND = YES;
				ENABLE_TESTABILITY = YES;
				GCC_C_LANGUAGE_STANDARD = gnu11;
				GCC_DYNAMIC_NO_PIC = NO;
				GCC_NO_COMMON_BLOCKS = YES;
				GCC_OPTIMIZATION_LEVEL = 0;
				GCC_PREPROCESSOR_DEFINITIONS = (
					"DEBUG=1",
					"$(inherited)",
				);
				GCC_WARN_64_TO_32_BIT_CONVERSION = YES;
				GCC_WARN_ABOUT_RETURN_TYPE = YES_ERROR;
				GCC_WARN_UNDECLARED_SELECTOR = YES;
				GCC_WARN_UNINITIALIZED_AUTOS = YES_AGGRESSIVE;
				GCC_WARN_UNUSED_FUNCTION = YES;
				GCC_WARN_UNUSED_VARIABLE = YES;
				IPHONEOS_DEPLOYMENT_TARGET = 11.4;
				MTL_ENABLE_DEBUG_INFO = YES;
				ONLY_ACTIVE_ARCH = YES;
				SDKROOT = iphoneos;
				SWIFT_ACTIVE_COMPILATION_CONDITIONS = DEBUG;
				SWIFT_OPTIMIZATION_LEVEL = "-Onone";
			};
			name = Debug;
		};
		B16661452128F23300526DFF /* Release */ = {
			isa = XCBuildConfiguration;
			buildSettings = {
				ALWAYS_SEARCH_USER_PATHS = NO;
				CLANG_ANALYZER_NONNULL = YES;
				CLANG_ANALYZER_NUMBER_OBJECT_CONVERSION = YES_AGGRESSIVE;
				CLANG_CXX_LANGUAGE_STANDARD = "gnu++14";
				CLANG_CXX_LIBRARY = "libc++";
				CLANG_ENABLE_MODULES = YES;
				CLANG_ENABLE_OBJC_ARC = YES;
				CLANG_ENABLE_OBJC_WEAK = YES;
				CLANG_WARN_BLOCK_CAPTURE_AUTORELEASING = YES;
				CLANG_WARN_BOOL_CONVERSION = YES;
				CLANG_WARN_COMMA = YES;
				CLANG_WARN_CONSTANT_CONVERSION = YES;
				CLANG_WARN_DEPRECATED_OBJC_IMPLEMENTATIONS = YES;
				CLANG_WARN_DIRECT_OBJC_ISA_USAGE = YES_ERROR;
				CLANG_WARN_DOCUMENTATION_COMMENTS = YES;
				CLANG_WARN_EMPTY_BODY = YES;
				CLANG_WARN_ENUM_CONVERSION = YES;
				CLANG_WARN_INFINITE_RECURSION = YES;
				CLANG_WARN_INT_CONVERSION = YES;
				CLANG_WARN_NON_LITERAL_NULL_CONVERSION = YES;
				CLANG_WARN_OBJC_IMPLICIT_RETAIN_SELF = YES;
				CLANG_WARN_OBJC_LITERAL_CONVERSION = YES;
				CLANG_WARN_OBJC_ROOT_CLASS = YES_ERROR;
				CLANG_WARN_RANGE_LOOP_ANALYSIS = YES;
				CLANG_WARN_STRICT_PROTOTYPES = YES;
				CLANG_WARN_SUSPICIOUS_MOVE = YES;
				CLANG_WARN_UNGUARDED_AVAILABILITY = YES_AGGRESSIVE;
				CLANG_WARN_UNREACHABLE_CODE = YES;
				CLANG_WARN__DUPLICATE_METHOD_MATCH = YES;
				CODE_SIGN_IDENTITY = "iPhone Developer";
				COPY_PHASE_STRIP = NO;
				DEBUG_INFORMATION_FORMAT = "dwarf-with-dsym";
				ENABLE_NS_ASSERTIONS = NO;
				ENABLE_STRICT_OBJC_MSGSEND = YES;
				GCC_C_LANGUAGE_STANDARD = gnu11;
				GCC_NO_COMMON_BLOCKS = YES;
				GCC_WARN_64_TO_32_BIT_CONVERSION = YES;
				GCC_WARN_ABOUT_RETURN_TYPE = YES_ERROR;
				GCC_WARN_UNDECLARED_SELECTOR = YES;
				GCC_WARN_UNINITIALIZED_AUTOS = YES_AGGRESSIVE;
				GCC_WARN_UNUSED_FUNCTION = YES;
				GCC_WARN_UNUSED_VARIABLE = YES;
				IPHONEOS_DEPLOYMENT_TARGET = 11.4;
				MTL_ENABLE_DEBUG_INFO = NO;
				SDKROOT = iphoneos;
				SWIFT_COMPILATION_MODE = wholemodule;
				SWIFT_OPTIMIZATION_LEVEL = "-O";
				VALIDATE_PRODUCT = YES;
			};
			name = Release;
		};
		B16661472128F23300526DFF /* Debug */ = {
			isa = XCBuildConfiguration;
			baseConfigurationReference = 495A106417A8FE7A5DE8C7A5 /* Pods-FinalProjectToDo.debug.xcconfig */;
			buildSettings = {
				ASSETCATALOG_COMPILER_APPICON_NAME = AppIcon;
				CODE_SIGN_STYLE = Automatic;
				DEVELOPMENT_TEAM = RF9G4QRLLG;
				INFOPLIST_FILE = FinalProjectToDo/Info.plist;
				IPHONEOS_DEPLOYMENT_TARGET = 10.0;
				LD_RUNPATH_SEARCH_PATHS = (
					"$(inherited)",
					"@executable_path/Frameworks",
				);
				PRODUCT_BUNDLE_IDENTIFIER = com.grouchybartender.FinalProjectToDo;
				PRODUCT_NAME = "$(TARGET_NAME)";
				SWIFT_VERSION = 4.0;
				TARGETED_DEVICE_FAMILY = "1,2";
			};
			name = Debug;
		};
		B16661482128F23300526DFF /* Release */ = {
			isa = XCBuildConfiguration;
			baseConfigurationReference = BB85B516142C9ED6D2FCD11B /* Pods-FinalProjectToDo.release.xcconfig */;
			buildSettings = {
				ASSETCATALOG_COMPILER_APPICON_NAME = AppIcon;
				CODE_SIGN_STYLE = Automatic;
				DEVELOPMENT_TEAM = RF9G4QRLLG;
				INFOPLIST_FILE = FinalProjectToDo/Info.plist;
				IPHONEOS_DEPLOYMENT_TARGET = 10.0;
				LD_RUNPATH_SEARCH_PATHS = (
					"$(inherited)",
					"@executable_path/Frameworks",
				);
				PRODUCT_BUNDLE_IDENTIFIER = com.grouchybartender.FinalProjectToDo;
				PRODUCT_NAME = "$(TARGET_NAME)";
				SWIFT_VERSION = 4.0;
				TARGETED_DEVICE_FAMILY = "1,2";
			};
			name = Release;
		};
		B166614A2128F23300526DFF /* Debug */ = {
			isa = XCBuildConfiguration;
			baseConfigurationReference = EA0A040AEAAF0D5FFA6FFD91 /* Pods-FinalProjectToDoTests.debug.xcconfig */;
			buildSettings = {
				ALWAYS_EMBED_SWIFT_STANDARD_LIBRARIES = YES;
				BUNDLE_LOADER = "$(TEST_HOST)";
				CODE_SIGN_STYLE = Automatic;
				INFOPLIST_FILE = FinalProjectToDoTests/Info.plist;
				LD_RUNPATH_SEARCH_PATHS = (
					"$(inherited)",
					"@executable_path/Frameworks",
					"@loader_path/Frameworks",
				);
				PRODUCT_BUNDLE_IDENTIFIER = com.grouchybartender.FinalProjectToDoTests;
				PRODUCT_NAME = "$(TARGET_NAME)";
				SWIFT_VERSION = 4.0;
				TARGETED_DEVICE_FAMILY = "1,2";
				TEST_HOST = "$(BUILT_PRODUCTS_DIR)/FinalProjectToDo.app/FinalProjectToDo";
			};
			name = Debug;
		};
		B166614B2128F23300526DFF /* Release */ = {
			isa = XCBuildConfiguration;
			baseConfigurationReference = 51B10BD85C7028CA927BE5F1 /* Pods-FinalProjectToDoTests.release.xcconfig */;
			buildSettings = {
				ALWAYS_EMBED_SWIFT_STANDARD_LIBRARIES = YES;
				BUNDLE_LOADER = "$(TEST_HOST)";
				CODE_SIGN_STYLE = Automatic;
				INFOPLIST_FILE = FinalProjectToDoTests/Info.plist;
				LD_RUNPATH_SEARCH_PATHS = (
					"$(inherited)",
					"@executable_path/Frameworks",
					"@loader_path/Frameworks",
				);
				PRODUCT_BUNDLE_IDENTIFIER = com.grouchybartender.FinalProjectToDoTests;
				PRODUCT_NAME = "$(TARGET_NAME)";
				SWIFT_VERSION = 4.0;
				TARGETED_DEVICE_FAMILY = "1,2";
				TEST_HOST = "$(BUILT_PRODUCTS_DIR)/FinalProjectToDo.app/FinalProjectToDo";
			};
			name = Release;
		};
		B166614D2128F23300526DFF /* Debug */ = {
			isa = XCBuildConfiguration;
			baseConfigurationReference = 944FB0E36F3C33F609E39809 /* Pods-FinalProjectToDoUITests.debug.xcconfig */;
			buildSettings = {
				ALWAYS_EMBED_SWIFT_STANDARD_LIBRARIES = YES;
				CODE_SIGN_STYLE = Automatic;
				INFOPLIST_FILE = FinalProjectToDoUITests/Info.plist;
				LD_RUNPATH_SEARCH_PATHS = (
					"$(inherited)",
					"@executable_path/Frameworks",
					"@loader_path/Frameworks",
				);
				PRODUCT_BUNDLE_IDENTIFIER = com.grouchybartender.FinalProjectToDoUITests;
				PRODUCT_NAME = "$(TARGET_NAME)";
				SWIFT_VERSION = 4.0;
				TARGETED_DEVICE_FAMILY = "1,2";
				TEST_TARGET_NAME = FinalProjectToDo;
			};
			name = Debug;
		};
		B166614E2128F23300526DFF /* Release */ = {
			isa = XCBuildConfiguration;
			baseConfigurationReference = 34415DC592095EE5E2A2EE77 /* Pods-FinalProjectToDoUITests.release.xcconfig */;
			buildSettings = {
				ALWAYS_EMBED_SWIFT_STANDARD_LIBRARIES = YES;
				CODE_SIGN_STYLE = Automatic;
				INFOPLIST_FILE = FinalProjectToDoUITests/Info.plist;
				LD_RUNPATH_SEARCH_PATHS = (
					"$(inherited)",
					"@executable_path/Frameworks",
					"@loader_path/Frameworks",
				);
				PRODUCT_BUNDLE_IDENTIFIER = com.grouchybartender.FinalProjectToDoUITests;
				PRODUCT_NAME = "$(TARGET_NAME)";
				SWIFT_VERSION = 4.0;
				TARGETED_DEVICE_FAMILY = "1,2";
				TEST_TARGET_NAME = FinalProjectToDo;
			};
			name = Release;
		};
/* End XCBuildConfiguration section */

/* Begin XCConfigurationList section */
		B16661162128F23200526DFF /* Build configuration list for PBXProject "FinalProjectToDo" */ = {
			isa = XCConfigurationList;
			buildConfigurations = (
				B16661442128F23300526DFF /* Debug */,
				B16661452128F23300526DFF /* Release */,
			);
			defaultConfigurationIsVisible = 0;
			defaultConfigurationName = Release;
		};
		B16661462128F23300526DFF /* Build configuration list for PBXNativeTarget "FinalProjectToDo" */ = {
			isa = XCConfigurationList;
			buildConfigurations = (
				B16661472128F23300526DFF /* Debug */,
				B16661482128F23300526DFF /* Release */,
			);
			defaultConfigurationIsVisible = 0;
			defaultConfigurationName = Release;
		};
		B16661492128F23300526DFF /* Build configuration list for PBXNativeTarget "FinalProjectToDoTests" */ = {
			isa = XCConfigurationList;
			buildConfigurations = (
				B166614A2128F23300526DFF /* Debug */,
				B166614B2128F23300526DFF /* Release */,
			);
			defaultConfigurationIsVisible = 0;
			defaultConfigurationName = Release;
		};
		B166614C2128F23300526DFF /* Build configuration list for PBXNativeTarget "FinalProjectToDoUITests" */ = {
			isa = XCConfigurationList;
			buildConfigurations = (
				B166614D2128F23300526DFF /* Debug */,
				B166614E2128F23300526DFF /* Release */,
			);
			defaultConfigurationIsVisible = 0;
			defaultConfigurationName = Release;
		};
/* End XCConfigurationList section */

/* Begin XCVersionGroup section */
		B16661252128F23200526DFF /* FinalProjectToDo.xcdatamodeld */ = {
			isa = XCVersionGroup;
			children = (
				B16661262128F23200526DFF /* FinalProjectToDo.xcdatamodel */,
			);
			currentVersion = B16661262128F23200526DFF /* FinalProjectToDo.xcdatamodel */;
			path = FinalProjectToDo.xcdatamodeld;
			sourceTree = "<group>";
			versionGroupType = wrapper.xcdatamodel;
		};
/* End XCVersionGroup section */
	};
	rootObject = B16661132128F23200526DFF /* Project object */;
}
